
Microsoft Visual Studio Solution File, Format Version 12.00
# Visual Studio 2012
Project("{FAE04EC0-301F-11D3-BF4B-00C04F79EFBC}") = "LambdaComparer", "LambdaComparer\LambdaComparer.csproj", "{32DB3E1E-DEFE-4936-8E5B-22D4F1ACFB8F}"
EndProject
Project("{2150E333-8FDC-42A3-9474-1A3956D46DE8}") = "Solution Items", "Solution Items", "{A748D4AC-3FEB-46D3-8C39-2AD79F71EFE4}"
	ProjectSection(SolutionItems) = preProject
		LICENSE = LICENSE
		README.md = README.md
	EndProjectSection
EndProject
Project("{2150E333-8FDC-42A3-9474-1A3956D46DE8}") = ".nuget", ".nuget", "{6B0C921E-97B0-4227-AA95-09902E5A3849}"
	ProjectSection(SolutionItems) = preProject
		.nuget\NuGet.Config = .nuget\NuGet.Config
		.nuget\NuGet.exe = .nuget\NuGet.exe
		.nuget\NuGet.targets = .nuget\NuGet.targets
	EndProjectSection
EndProject
Project("{FAE04EC0-301F-11D3-BF4B-00C04F79EFBC}") = "LambdaComparer.Test", "LambdaComparer.Test\LambdaComparer.Test.csproj", "{DAB82BA7-A425-4665-8880-0170E48E181D}"
EndProject
Global
	GlobalSection(SolutionConfigurationPlatforms) = preSolution
		Debug|Any CPU = Debug|Any CPU
		Release|Any CPU = Release|Any CPU
	EndGlobalSection
	GlobalSection(ProjectConfigurationPlatforms) = postSolution
		{32DB3E1E-DEFE-4936-8E5B-22D4F1ACFB8F}.Debug|Any CPU.ActiveCfg = Debug|Any CPU
		{32DB3E1E-DEFE-4936-8E5B-22D4F1ACFB8F}.Debug|Any CPU.Build.0 = Debug|Any CPU
		{32DB3E1E-DEFE-4936-8E5B-22D4F1ACFB8F}.Release|Any CPU.ActiveCfg = Release|Any CPU
		{32DB3E1E-DEFE-4936-8E5B-22D4F1ACFB8F}.Release|Any CPU.Build.0 = Release|Any CPU
		{DAB82BA7-A425-4665-8880-0170E48E181D}.Debug|Any CPU.ActiveCfg = Debug|Any CPU
		{DAB82BA7-A425-4665-8880-0170E48E181D}.Debug|Any CPU.Build.0 = Debug|Any CPU
		{DAB82BA7-A425-4665-8880-0170E48E181D}.Release|Any CPU.ActiveCfg = Release|Any CPU
		{DAB82BA7-A425-4665-8880-0170E48E181D}.Release|Any CPU.Build.0 = Release|Any CPU
	EndGlobalSection
	GlobalSection(SolutionProperties) = preSolution
		HideSolutionNode = FALSE
	EndGlobalSection
EndGlobal
